
Microsoft Visual Studio Solution File, Format Version 12.00
# Visual Studio 15
VisualStudioVersion = 15.0.27428.2037
MinimumVisualStudioVersion = 10.0.40219.1
Project("{8BC9CEB8-8B4A-11D0-8D11-00A0C91BC942}") = "major2_cli", "major2_cli\major2_cli.vcxproj", "{88F6986A-C55C-41B1-BEE8-42B9E66B6652}"
EndProject
Project("{8BC9CEB8-8B4A-11D0-8D11-00A0C91BC942}") = "major2_svr", "major2_svr\major2_svr.vcxproj", "{9BF73EF5-0A52-4C27-B4D9-61C6B336E504}"
EndProject
Global
	GlobalSection(SolutionConfigurationPlatforms) = preSolution
		Debug|ARM = Debug|ARM
		Debug|x64 = Debug|x64
		Debug|x86 = Debug|x86
		Release|ARM = Release|ARM
		Release|x64 = Release|x64
		Release|x86 = Release|x86
	EndGlobalSection
	GlobalSection(ProjectConfigurationPlatforms) = postSolution
		{88F6986A-C55C-41B1-BEE8-42B9E66B6652}.Debug|ARM.ActiveCfg = Debug|ARM
		{88F6986A-C55C-41B1-BEE8-42B9E66B6652}.Debug|ARM.Build.0 = Debug|ARM
		{88F6986A-C55C-41B1-BEE8-42B9E66B6652}.Debug|x64.ActiveCfg = Debug|x64
		{88F6986A-C55C-41B1-BEE8-42B9E66B6652}.Debug|x64.Build.0 = Debug|x64
		{88F6986A-C55C-41B1-BEE8-42B9E66B6652}.Debug|x86.ActiveCfg = Debug|x86
		{88F6986A-C55C-41B1-BEE8-42B9E66B6652}.Debug|x86.Build.0 = Debug|x86
		{88F6986A-C55C-41B1-BEE8-42B9E66B6652}.Release|ARM.ActiveCfg = Release|ARM
		{88F6986A-C55C-41B1-BEE8-42B9E66B6652}.Release|ARM.Build.0 = Release|ARM
		{88F6986A-C55C-41B1-BEE8-42B9E66B6652}.Release|x64.ActiveCfg = Release|x64
		{88F6986A-C55C-41B1-BEE8-42B9E66B6652}.Release|x64.Build.0 = Release|x64
		{88F6986A-C55C-41B1-BEE8-42B9E66B6652}.Release|x86.ActiveCfg = Release|x86
		{88F6986A-C55C-41B1-BEE8-42B9E66B6652}.Release|x86.Build.0 = Release|x86
		{9BF73EF5-0A52-4C27-B4D9-61C6B336E504}.Debug|ARM.ActiveCfg = Debug|ARM
		{9BF73EF5-0A52-4C27-B4D9-61C6B336E504}.Debug|ARM.Build.0 = Debug|ARM
		{9BF73EF5-0A52-4C27-B4D9-61C6B336E504}.Debug|x64.ActiveCfg = Debug|x64
		{9BF73EF5-0A52-4C27-B4D9-61C6B336E504}.Debug|x64.Build.0 = Debug|x64
		{9BF73EF5-0A52-4C27-B4D9-61C6B336E504}.Debug|x86.ActiveCfg = Debug|x86
		{9BF73EF5-0A52-4C27-B4D9-61C6B336E504}.Debug|x86.Build.0 = Debug|x86
		{9BF73EF5-0A52-4C27-B4D9-61C6B336E504}.Release|ARM.ActiveCfg = Release|ARM
		{9BF73EF5-0A52-4C27-B4D9-61C6B336E504}.Release|ARM.Build.0 = Release|ARM
		{9BF73EF5-0A52-4C27-B4D9-61C6B336E504}.Release|x64.ActiveCfg = Release|x64
		{9BF73EF5-0A52-4C27-B4D9-61C6B336E504}.Release|x64.Build.0 = Release|x64
		{9BF73EF5-0A52-4C27-B4D9-61C6B336E504}.Release|x86.ActiveCfg = Release|x86
		{9BF73EF5-0A52-4C27-B4D9-61C6B336E504}.Release|x86.Build.0 = Release|x86
	EndGlobalSection
	GlobalSection(SolutionProperties) = preSolution
		HideSolutionNode = FALSE
	EndGlobalSection
	GlobalSection(ExtensibilityGlobals) = postSolution
		SolutionGuid = {32D9269A-0ECA-40C8-BFDB-734BB0F94F7D}
	EndGlobalSection
EndGlobal
